// !$*UTF8*$!
{
	archiveVersion = 1;
	classes = {
	};
	objectVersion = 46;
	objects = {

/* Begin PBXBuildFile section */
		CDF437C71E85838600A70A5C /* AppDelegate.swift in Sources */ = {isa = PBXBuildFile; fileRef = CDF437C61E85838600A70A5C /* AppDelegate.swift */; };
		CDF437C91E85838600A70A5C /* ViewController.swift in Sources */ = {isa = PBXBuildFile; fileRef = CDF437C81E85838600A70A5C /* ViewController.swift */; };
		CDF437CC1E85838600A70A5C /* Main.storyboard in Resources */ = {isa = PBXBuildFile; fileRef = CDF437CA1E85838600A70A5C /* Main.storyboard */; };
		CDF437CE1E85838600A70A5C /* Assets.xcassets in Resources */ = {isa = PBXBuildFile; fileRef = CDF437CD1E85838600A70A5C /* Assets.xcassets */; };
		CDF437D11E85838600A70A5C /* LaunchScreen.storyboard in Resources */ = {isa = PBXBuildFile; fileRef = CDF437CF1E85838600A70A5C /* LaunchScreen.storyboard */; };
/* End PBXBuildFile section */

/* Begin PBXFileReference section */
		CDF437C31E85838600A70A5C /* omeefirst.app */ = {isa = PBXFileReference; explicitFileType = wrapper.application; includeInIndex = 0; path = omeefirst.app; sourceTree = BUILT_PRODUCTS_DIR; };
		CDF437C61E85838600A70A5C /* AppDelegate.swift */ = {isa = PBXFileReference; lastKnownFileType = sourcecode.swift; path = AppDelegate.swift; sourceTree = "<group>"; };
		CDF437C81E85838600A70A5C /* ViewController.swift */ = {isa = PBXFileReference; lastKnownFileType = sourcecode.swift; path = ViewController.swift; sourceTree = "<group>"; };
		CDF437CB1E85838600A70A5C /* Base */ = {isa = PBXFileReference; lastKnownFileType = file.storyboard; name = Base; path = Base.lproj/Main.storyboard; sourceTree = "<group>"; };
		CDF437CD1E85838600A70A5C /* Assets.xcassets */ = {isa = PBXFileReference; lastKnownFileType = folder.assetcatalog; path = Assets.xcassets; sourceTree = "<group>"; };
		CDF437D01E85838600A70A5C /* Base */ = {isa = PBXFileReference; lastKnownFileType = file.storyboard; name = Base; path = Base.lproj/LaunchScreen.storyboard; sourceTree = "<group>"; };
		CDF437D21E85838600A70A5C /* Info.plist */ = {isa = PBXFileReference; lastKnownFileType = text.plist.xml; path = Info.plist; sourceTree = "<group>"; };
/* End PBXFileReference section */

/* Begin PBXFrameworksBuildPhase section */
		CDF437C01E85838600A70A5C /* Frameworks */ = {
			isa = PBXFrameworksBuildPhase;
			buildActionMask = 2147483647;
			files = (
			);
			runOnlyForDeploymentPostprocessing = 0;
		};
/* End PBXFrameworksBuildPhase section */

/* Begin PBXGroup section */
		CDF437BA1E85838600A70A5C = {
			isa = PBXGroup;
			children = (
				CDF437C51E85838600A70A5C /* omeefirst */,
				CDF437C41E85838600A70A5C /* Products */,
			);
			sourceTree = "<group>";
		};
		CDF437C41E85838600A70A5C /* Products */ = {
			isa = PBXGroup;
			children = (
				CDF437C31E85838600A70A5C /* omeefirst.app */,
			);
			name = Products;
			sourceTree = "<group>";
		};
		CDF437C51E85838600A70A5C /* omeefirst */ = {
			isa = PBXGroup;
			children = (
				CDF437C61E85838600A70A5C /* AppDelegate.swift */,
				CDF437C81E85838600A70A5C /* ViewController.swift */,
				CDF437CA1E85838600A70A5C /* Main.storyboard */,
				CDF437CD1E85838600A70A5C /* Assets.xcassets */,
				CDF437CF1E85838600A70A5C /* LaunchScreen.storyboard */,
				CDF437D21E85838600A70A5C /* Info.plist */,
			);
			path = omeefirst;
			sourceTree = "<group>";
		};
/* End PBXGroup section */

/* Begin PBXNativeTarget section */
		CDF437C21E85838600A70A5C /* omeefirst */ = {
			isa = PBXNativeTarget;
			buildConfigurationList = CDF437D51E85838600A70A5C /* Build configuration list for PBXNativeTarget "omeefirst" */;
			buildPhases = (
				CDF437BF1E85838600A70A5C /* Sources */,
				CDF437C01E85838600A70A5C /* Frameworks */,
				CDF437C11E85838600A70A5C /* Resources */,
			);
			buildRules = (
			);
			dependencies = (
			);
			name = omeefirst;
			productName = omeefirst;
			productReference = CDF437C31E85838600A70A5C /* omeefirst.app */;
			productType = "com.apple.product-type.application";
		};
/* End PBXNativeTarget section */

/* Begin PBXProject section */
		CDF437BB1E85838600A70A5C /* Project object */ = {
			isa = PBXProject;
			attributes = {
				LastSwiftUpdateCheck = 0820;
				LastUpgradeCheck = 0820;
				ORGANIZATIONNAME = "Omkar Chakradhar Thawakar";
				TargetAttributes = {
					CDF437C21E85838600A70A5C = {
						CreatedOnToolsVersion = 8.2.1;
						ProvisioningStyle = Automatic;
					};
				};
			};
			buildConfigurationList = CDF437BE1E85838600A70A5C /* Build configuration list for PBXProject "omeefirst" */;
			compatibilityVersion = "Xcode 3.2";
			developmentRegion = English;
			hasScannedForEncodings = 0;
			knownRegions = (
				en,
				Base,
			);
			mainGroup = CDF437BA1E85838600A70A5C;
			productRefGroup = CDF437C41E85838600A70A5C /* Products */;
			projectDirPath = "";
			projectRoot = "";
			targets = (
				CDF437C21E85838600A70A5C /* omeefirst */,
			);
		};
/* End PBXProject section */

/* Begin PBXResourcesBuildPhase section */
		CDF437C11E85838600A70A5C /* Resources */ = {
			isa = PBXResourcesBuildPhase;
			buildActionMask = 2147483647;
			files = (
				CDF437D11E85838600A70A5C /* LaunchScreen.storyboard in Resources */,
				CDF437CE1E85838600A70A5C /* Assets.xcassets in Resources */,
				CDF437CC1E85838600A70A5C /* Main.storyboard in Resources */,
			);
			runOnlyForDeploymentPostprocessing = 0;
		};
/* End PBXResourcesBuildPhase section */

/* Begin PBXSourcesBuildPhase section */
		CDF437BF1E85838600A70A5C /* Sources */ = {
			isa = PBXSourcesBuildPhase;
			buildActionMask = 2147483647;
			files = (
				CDF437C91E85838600A70A5C /* ViewController.swift in Sources */,
				CDF437C71E85838600A70A5C /* AppDelegate.swift in Sources */,
			);
			runOnlyForDeploymentPostprocessing = 0;
		};
/* End PBXSourcesBuildPhase section */

/* Begin PBXVariantGroup section */
		CDF437CA1E85838600A70A5C /* Main.storyboard */ = {
			isa = PBXVariantGroup;
			children = (
				CDF437CB1E85838600A70A5C /* Base */,
			);
			name = Main.storyboard;
			sourceTree = "<group>";
		};
		CDF437CF1E85838600A70A5C /* LaunchScreen.storyboard */ = {
			isa = PBXVariantGroup;
			children = (
				CDF437D01E85838600A70A5C /* Base */,
			);
			name = LaunchScreen.storyboard;
			sourceTree = "<group>";
		};
/* End PBXVariantGroup section */

/* Begin XCBuildConfiguration section */
		CDF437D31E85838600A70A5C /* Debug */ = {
			isa = XCBuildConfiguration;
			buildSettings = {
				ALWAYS_SEARCH_USER_PATHS = NO;
				CLANG_ANALYZER_NONNULL = YES;
				CLANG_CXX_LANGUAGE_STANDARD = "gnu++0x";
				CLANG_CXX_LIBRARY = "libc++";
				CLANG_ENABLE_MODULES = YES;
				CLANG_ENABLE_OBJC_ARC = YES;
				CLANG_WARN_BOOL_CONVERSION = YES;
				CLANG_WARN_CONSTANT_CONVERSION = YES;
				CLANG_WARN_DIRECT_OBJC_ISA_USAGE = YES_ERROR;
				CLANG_WARN_DOCUMENTATION_COMMENTS = YES;
				CLANG_WARN_EMPTY_BODY = YES;
				CLANG_WARN_ENUM_CONVERSION = YES;
				CLANG_WARN_INFINITE_RECURSION = YES;
				CLANG_WARN_INT_CONVERSION = YES;
				CLANG_WARN_OBJC_ROOT_CLASS = YES_ERROR;
				CLANG_WARN_SUSPICIOUS_MOVE = YES;
				CLANG_WARN_UNREACHABLE_CODE = YES;
				CLANG_WARN__DUPLICATE_METHOD_MATCH = YES;
				"CODE_SIGN_IDENTITY[sdk=iphoneos*]" = "iPhone Developer";
				COPY_PHASE_STRIP = NO;
				DEBUG_INFORMATION_FORMAT = dwarf;
				ENABLE_STRICT_OBJC_MSGSEND = YES;
				ENABLE_TESTABILITY = YES;
				GCC_C_LANGUAGE_STANDARD = gnu99;
				GCC_DYNAMIC_NO_PIC = NO;
				GCC_NO_COMMON_BLOCKS = YES;
				GCC_OPTIMIZATION_LEVEL = 0;
				GCC_PREPROCESSOR_DEFINITIONS = (
					"DEBUG=1",
					"$(inherited)",
				);
				GCC_WARN_64_TO_32_BIT_CONVERSION = YES;
				GCC_WARN_ABOUT_RETURN_TYPE = YES_ERROR;
				GCC_WARN_UNDECLARED_SELECTOR = YES;
				GCC_WARN_UNINITIALIZED_AUTOS = YES_AGGRESSIVE;
				GCC_WARN_UNUSED_FUNCTION = YES;
				GCC_WARN_UNUSED_VARIABLE = YES;
				IPHONEOS_DEPLOYMENT_TARGET = 10.2;
				MTL_ENABLE_DEBUG_INFO = YES;
				ONLY_ACTIVE_ARCH = YES;
				SDKROOT = iphoneos;
				SWIFT_ACTIVE_COMPILATION_CONDITIONS = DEBUG;
				SWIFT_OPTIMIZATION_LEVEL = "-Onone";
			};
			name = Debug;
		};
		CDF437D41E85838600A70A5C /* Release */ = {
			isa = XCBuildConfiguration;
			buildSettings = {
				ALWAYS_SEARCH_USER_PATHS = NO;
				CLANG_ANALYZER_NONNULL = YES;
				CLANG_CXX_LANGUAGE_STANDARD = "gnu++0x";
				CLANG_CXX_LIBRARY = "libc++";
				CLANG_ENABLE_MODULES = YES;
				CLANG_ENABLE_OBJC_ARC = YES;
				CLANG_WARN_BOOL_CONVERSION = YES;
				CLANG_WARN_CONSTANT_CONVERSION = YES;
				CLANG_WARN_DIRECT_OBJC_ISA_USAGE = YES_ERROR;
				CLANG_WARN_DOCUMENTATION_COMMENTS = YES;
				CLANG_WARN_EMPTY_BODY = YES;
				CLANG_WARN_ENUM_CONVERSION = YES;
				CLANG_WARN_INFINITE_RECURSION = YES;
				CLANG_WARN_INT_CONVERSION = YES;
				CLANG_WARN_OBJC_ROOT_CLASS = YES_ERROR;
				CLANG_WARN_SUSPICIOUS_MOVE = YES;
				CLANG_WARN_UNREACHABLE_CODE = YES;
				CLANG_WARN__DUPLICATE_METHOD_MATCH = YES;
				"CODE_SIGN_IDENTITY[sdk=iphoneos*]" = "iPhone Developer";
				COPY_PHASE_STRIP = NO;
				DEBUG_INFORMATION_FORMAT = "dwarf-with-dsym";
				ENABLE_NS_ASSERTIONS = NO;
				ENABLE_STRICT_OBJC_MSGSEND = YES;
				GCC_C_LANGUAGE_STANDARD = gnu99;
				GCC_NO_COMMON_BLOCKS = YES;
				GCC_WARN_64_TO_32_BIT_CONVERSION = YES;
				GCC_WARN_ABOUT_RETURN_TYPE = YES_ERROR;
				GCC_WARN_UNDECLARED_SELECTOR = YES;
				GCC_WARN_UNINITIALIZED_AUTOS = YES_AGGRESSIVE;
				GCC_WARN_UNUSED_FUNCTION = YES;
				GCC_WARN_UNUSED_VARIABLE = YES;
				IPHONEOS_DEPLOYMENT_TARGET = 10.2;
				MTL_ENABLE_DEBUG_INFO = NO;
				SDKROOT = iphoneos;
				SWIFT_OPTIMIZATION_LEVEL = "-Owholemodule";
				VALIDATE_PRODUCT = YES;
			};
			name = Release;
		};
		CDF437D61E85838600A70A5C /* Debug */ = {
			isa = XCBuildConfiguration;
			buildSettings = {
				ASSETCATALOG_COMPILER_APPICON_NAME = AppIcon;
				INFOPLIST_FILE = omeefirst/Info.plist;
				LD_RUNPATH_SEARCH_PATHS = "$(inherited) @executable_path/Frameworks";
				PRODUCT_BUNDLE_IDENTIFIER = com.omee.omeefirst;
				PRODUCT_NAME = "$(TARGET_NAME)";
				SWIFT_VERSION = 3.0;
			};
			name = Debug;
		};
		CDF437D71E85838600A70A5C /* Release */ = {
			isa = XCBuildConfiguration;
			buildSettings = {
				ASSETCATALOG_COMPILER_APPICON_NAME = AppIcon;
				INFOPLIST_FILE = omeefirst/Info.plist;
				LD_RUNPATH_SEARCH_PATHS = "$(inherited) @executable_path/Frameworks";
				PRODUCT_BUNDLE_IDENTIFIER = com.omee.omeefirst;
				PRODUCT_NAME = "$(TARGET_NAME)";
				SWIFT_VERSION = 3.0;
			};
			name = Release;
		};
/* End XCBuildConfiguration section */

/* Begin XCConfigurationList section */
		CDF437BE1E85838600A70A5C /* Build configuration list for PBXProject "omeefirst" */ = {
			isa = XCConfigurationList;
			buildConfigurations = (
				CDF437D31E85838600A70A5C /* Debug */,
				CDF437D41E85838600A70A5C /* Release */,
			);
			defaultConfigurationIsVisible = 0;
			defaultConfigurationName = Release;
		};
		CDF437D51E85838600A70A5C /* Build configuration list for PBXNativeTarget "omeefirst" */ = {
			isa = XCConfigurationList;
			buildConfigurations = (
				CDF437D61E85838600A70A5C /* Debug */,
				CDF437D71E85838600A70A5C /* Release */,
			);
			defaultConfigurationIsVisible = 0;
			defaultConfigurationName = Release;
		};
/* End XCConfigurationList section */
	};
	rootObject = CDF437BB1E85838600A70A5C /* Project object */;
}
